<?xml version="1.0" encoding="utf-8"?>
<Project ToolsVersion="4.0" xmlns="http://schemas.microsoft.com/developer/msbuild/2003">
  <ItemGroup>
    <Filter Include="Header Files">
      <UniqueIdentifier>{e850f24d-093f-4c30-a99c-413a7dfa71b8}</UniqueIdentifier>
    </Filter>
    <Filter Include="Resource Files">
      <UniqueIdentifier>{f18cd969-acc3-480c-9147-ea3ae1c8ba92}</UniqueIdentifier>
    </Filter>
    <Filter Include="Source Files">
      <UniqueIdentifier>{bdd0568e-d423-4fcc-affe-6ba0c2a40f78}</UniqueIdentifier>
    </Filter>
    <Filter Include="Source Files\common">
      <UniqueIdentifier>{a47e7ba6-6f08-45a4-b435-5612c503a940}</UniqueIdentifier>
    </Filter>
    <Filter Include="Source Files\liblzma">
      <UniqueIdentifier>{2c22a5e6-8f91-407b-90b7-581808c187ee}</UniqueIdentifier>
    </Filter>
    <Filter Include="Source Files\liblzma\common">
      <UniqueIdentifier>{4693d99e-f833-402f-9a5e-59cd8cac0c2c}</UniqueIdentifier>
    </Filter>
    <Filter Include="Header Files\common">
      <UniqueIdentifier>{2249e763-d62d-4c81-a295-b00518f9c213}</UniqueIdentifier>
    </Filter>
    <Filter Include="Header Files\liblzma">
      <UniqueIdentifier>{23d5ec7a-ea1b-4f11-8785-65091a87d7ca}</UniqueIdentifier>
    </Filter>
    <Filter Include="Header Files\liblzma\common">
      <UniqueIdentifier>{35af8e2f-92e9-4a87-a596-eed3250deb32}</UniqueIdentifier>
    </Filter>
    <Filter Include="Source Files\liblzma\check">
      <UniqueIdentifier>{284e6515-d862-400d-9e38-2fe33c703480}</UniqueIdentifier>
    </Filter>
    <Filter Include="Header Files\liblzma\check">
      <UniqueIdentifier>{7b7dd911-3af9-4d64-abe6-f56da5fc6241}</UniqueIdentifier>
    </Filter>
    <Filter Include="Source Files\liblzma\lz">
      <UniqueIdentifier>{518224a7-e5e1-4e44-a2be-f21a9cc75a44}</UniqueIdentifier>
    </Filter>
    <Filter Include="Header Files\liblzma\lz">
      <UniqueIdentifier>{f32d3ddf-a9bd-4425-9408-6697d83396d1}</UniqueIdentifier>
    </Filter>
    <Filter Include="Source Files\liblzma\lzma">
      <UniqueIdentifier>{daceb147-4d0e-4ab6-8102-546241c4563f}</UniqueIdentifier>
    </Filter>
    <Filter Include="Header Files\liblzma\lzma">
      <UniqueIdentifier>{18f8d216-3ffb-4ae5-a935-a5ffe5f12e39}</UniqueIdentifier>
    </Filter>
    <Filter Include="Source Files\liblzma\rangecoder">
      <UniqueIdentifier>{d92f32a4-ae3f-4c5a-886d-198a8c9eff7b}</UniqueIdentifier>
    </Filter>
    <Filter Include="Header Files\liblzma\rangecoder">
      <UniqueIdentifier>{5fed8708-bc95-404b-b32b-571132bc9054}</UniqueIdentifier>
    </Filter>
    <Filter Include="Source Files\liblzma\delta">
      <UniqueIdentifier>{8b0c9ea2-2447-4b57-89e5-1c7700234fb3}</UniqueIdentifier>
    </Filter>
    <Filter Include="Header Files\liblzma\delta">
      <UniqueIdentifier>{4a4054c8-b1b9-4ef3-8eb0-d0451e0c430c}</UniqueIdentifier>
    </Filter>
    <Filter Include="Source Files\liblzma\simple">
      <UniqueIdentifier>{033f0535-fa88-4a46-9674-fb1f8ca8b142}</UniqueIdentifier>
    </Filter>
    <Filter Include="Header Files\liblzma\simple">
      <UniqueIdentifier>{45025e8e-cdf7-4e5a-ba1c-533ecf0a3f36}</UniqueIdentifier>
    </Filter>
  </ItemGroup>
  <ItemGroup>
    <ResourceCompile Include="..\src\liblzma\liblzma_w32res.rc">
      <Filter>Resource Files</Filter>
    </ResourceCompile>
  </ItemGroup>
  <ItemGroup>
    <ClInclude Include="config.h">
      <Filter>Header Files</Filter>
    </ClInclude>
    <ClInclude Include="..\src\common\tuklib_physmem.h">
      <Filter>Header Files\common</Filter>
    </ClInclude>
    <ClInclude Include="..\src\liblzma\common\alone_decoder.h">
      <Filter>Header Files\liblzma\common</Filter>
    </ClInclude>
    <ClInclude Include="..\src\liblzma\common\block_decoder.h">
      <Filter>Header Files\liblzma\common</Filter>
    </ClInclude>
    <ClInclude Include="..\src\liblzma\common\block_encoder.h">
      <Filter>Header Files\liblzma\common</Filter>
    </ClInclude>
    <ClInclude Include="..\src\liblzma\common\common.h">
      <Filter>Header Files\liblzma\common</Filter>
    </ClInclude>
    <ClInclude Include="..\src\liblzma\common\easy_preset.h">
      <Filter>Header Files\liblzma\common</Filter>
    </ClInclude>
    <ClInclude Include="..\src\liblzma\common\filter_common.h">
      <Filter>Header Files\liblzma\common</Filter>
    </ClInclude>
    <ClInclude Include="..\src\liblzma\common\filter_decoder.h">
      <Filter>Header Files\liblzma\common</Filter>
    </ClInclude>
    <ClInclude Include="..\src\liblzma\common\filter_encoder.h">
      <Filter>Header Files\liblzma\common</Filter>
    </ClInclude>
    <ClInclude Include="..\src\liblzma\common\index.h">
      <Filter>Header Files\liblzma\common</Filter>
    </ClInclude>
    <ClInclude Include="..\src\liblzma\common\index_encoder.h">
      <Filter>Header Files\liblzma\common</Filter>
    </ClInclude>
    <ClInclude Include="..\src\liblzma\common\stream_decoder.h">
      <Filter>Header Files\liblzma\common</Filter>
    </ClInclude>
    <ClInclude Include="..\src\liblzma\common\stream_flags_common.h">
      <Filter>Header Files\liblzma\common</Filter>
    </ClInclude>
    <ClInclude Include="..\src\liblzma\check\check.h">
      <Filter>Header Files\liblzma\check</Filter>
    </ClInclude>
    <ClInclude Include="..\src\liblzma\check\crc_macros.h">
      <Filter>Header Files\liblzma\check</Filter>
    </ClInclude>
    <ClInclude Include="..\src\liblzma\check\crc32_table_be.h">
      <Filter>Header Files\liblzma\check</Filter>
    </ClInclude>
    <ClInclude Include="..\src\liblzma\check\crc32_table_le.h">
      <Filter>Header Files\liblzma\check</Filter>
    </ClInclude>
    <ClInclude Include="..\src\liblzma\check\crc64_table_be.h">
      <Filter>Header Files\liblzma\check</Filter>
    </ClInclude>
    <ClInclude Include="..\src\liblzma\check\crc64_table_le.h">
      <Filter>Header Files\liblzma\check</Filter>
    </ClInclude>
    <ClInclude Include="..\src\liblzma\lz\lz_decoder.h">
      <Filter>Header Files\liblzma\lz</Filter>
    </ClInclude>
    <ClInclude Include="..\src\liblzma\lz\lz_encoder.h">
      <Filter>Header Files\liblzma\lz</Filter>
    </ClInclude>
    <ClInclude Include="..\src\liblzma\lz\lz_encoder_hash.h">
      <Filter>Header Files\liblzma\lz</Filter>
    </ClInclude>
    <ClInclude Include="..\src\liblzma\lz\lz_encoder_hash_table.h">
      <Filter>Header Files\liblzma\lz</Filter>
    </ClInclude>
    <ClInclude Include="..\src\liblzma\lzma\fastpos.h">
      <Filter>Header Files\liblzma\lzma</Filter>
    </ClInclude>
    <ClInclude Include="..\src\liblzma\lzma\lzma_common.h">
      <Filter>Header Files\liblzma\lzma</Filter>
    </ClInclude>
    <ClInclude Include="..\src\liblzma\lzma\lzma_decoder.h">
      <Filter>Header Files\liblzma\lzma</Filter>
    </ClInclude>
    <ClInclude Include="..\src\liblzma\lzma\lzma_encoder.h">
      <Filter>Header Files\liblzma\lzma</Filter>
    </ClInclude>
    <ClInclude Include="..\src\liblzma\lzma\lzma_encoder_private.h">
      <Filter>Header Files\liblzma\lzma</Filter>
    </ClInclude>
    <ClInclude Include="..\src\liblzma\lzma\lzma2_decoder.h">
      <Filter>Header Files\liblzma\lzma</Filter>
    </ClInclude>
    <ClInclude Include="..\src\liblzma\lzma\lzma2_encoder.h">
      <Filter>Header Files\liblzma\lzma</Filter>
    </ClInclude>
    <ClInclude Include="..\src\liblzma\rangecoder\range_encoder.h">
      <Filter>Header Files\liblzma\rangecoder</Filter>
    </ClInclude>
    <ClInclude Include="..\src\liblzma\rangecoder\range_decoder.h">
      <Filter>Header Files\liblzma\rangecoder</Filter>
    </ClInclude>
    <ClInclude Include="..\src\liblzma\rangecoder\range_common.h">
      <Filter>Header Files\liblzma\rangecoder</Filter>
    </ClInclude>
    <ClInclude Include="..\src\liblzma\rangecoder\price.h">
      <Filter>Header Files\liblzma\rangecoder</Filter>
    </ClInclude>
    <ClInclude Include="..\src\liblzma\delta\delta_common.h">
      <Filter>Header Files\liblzma\delta</Filter>
    </ClInclude>
    <ClInclude Include="..\src\liblzma\delta\delta_decoder.h">
      <Filter>Header Files\liblzma\delta</Filter>
    </ClInclude>
    <ClInclude Include="..\src\liblzma\delta\delta_encoder.h">
      <Filter>Header Files\liblzma\delta</Filter>
    </ClInclude>
    <ClInclude Include="..\src\liblzma\delta\delta_private.h">
      <Filter>Header Files\liblzma\delta</Filter>
    </ClInclude>
    <ClInclude Include="..\src\liblzma\simple\simple_coder.h">
      <Filter>Header Files\liblzma\simple</Filter>
    </ClInclude>
    <ClInclude Include="..\src\liblzma\simple\simple_decoder.h">
      <Filter>Header Files\liblzma\simple</Filter>
    </ClInclude>
    <ClInclude Include="..\src\liblzma\simple\simple_encoder.h">
      <Filter>Header Files\liblzma\simple</Filter>
    </ClInclude>
    <ClInclude Include="..\src\liblzma\simple\simple_private.h">
      <Filter>Header Files\liblzma\simple</Filter>
    </ClInclude>
    <ClInclude Include="..\src\liblzma\common\block_buffer_encoder.h">
      <Filter>Header Files\liblzma\common</Filter>
    </ClInclude>
    <ClInclude Include="..\src\liblzma\common\memcmplen.h">
      <Filter>Header Files\liblzma\common</Filter>
    </ClInclude>
    <ClInclude Include="..\src\liblzma\common\outqueue.h">
      <Filter>Header Files\liblzma\common</Filter>
    </ClInclude>
    <ClInclude Include="..\src\common\tuklib_cpucores.h">
      <Filter>Header Files\common</Filter>
    </ClInclude>
  </ItemGroup>
  <ItemGroup>
    <ClCompile Include="..\src\common\tuklib_physmem.c">
      <Filter>Source Files\common</Filter>
    </ClCompile>
    <ClCompile Include="..\src\liblzma\common\filter_flags_decoder.c">
      <Filter>Source Files\liblzma\common</Filter>
    </ClCompile>
    <ClCompile Include="..\src\liblzma\common\filter_flags_encoder.c">
      <Filter>Source Files\liblzma\common</Filter>
    </ClCompile>
    <ClCompile Include="..\src\liblzma\common\hardware_physmem.c">
      <Filter>Source Files\liblzma\common</Filter>
    </ClCompile>
    <ClCompile Include="..\src\liblzma\common\index.c">
      <Filter>Source Files\liblzma\common</Filter>
    </ClCompile>
    <ClCompile Include="..\src\liblzma\common\index_decoder.c">
      <Filter>Source Files\liblzma\common</Filter>
    </ClCompile>
    <ClCompile Include="..\src\liblzma\common\index_encoder.c">
      <Filter>Source Files\liblzma\common</Filter>
    </ClCompile>
    <ClCompile Include="..\src\liblzma\common\index_hash.c">
      <Filter>Source Files\liblzma\common</Filter>
    </ClCompile>
    <ClCompile Include="..\src\liblzma\common\stream_buffer_decoder.c">
      <Filter>Source Files\liblzma\common</Filter>
    </ClCompile>
    <ClCompile Include="..\src\liblzma\common\stream_buffer_encoder.c">
      <Filter>Source Files\liblzma\common</Filter>
    </ClCompile>
    <ClCompile Include="..\src\liblzma\common\stream_decoder.c">
      <Filter>Source Files\liblzma\common</Filter>
    </ClCompile>
    <ClCompile Include="..\src\liblzma\common\stream_encoder.c">
      <Filter>Source Files\liblzma\common</Filter>
    </ClCompile>
    <ClCompile Include="..\src\liblzma\common\stream_flags_common.c">
      <Filter>Source Files\liblzma\common</Filter>
    </ClCompile>
    <ClCompile Include="..\src\liblzma\common\stream_flags_decoder.c">
      <Filter>Source Files\liblzma\common</Filter>
    </ClCompile>
    <ClCompile Include="..\src\liblzma\common\stream_flags_encoder.c">
      <Filter>Source Files\liblzma\common</Filter>
    </ClCompile>
    <ClCompile Include="..\src\liblzma\common\vli_decoder.c">
      <Filter>Source Files\liblzma\common</Filter>
    </ClCompile>
    <ClCompile Include="..\src\liblzma\common\vli_encoder.c">
      <Filter>Source Files\liblzma\common</Filter>
    </ClCompile>
    <ClCompile Include="..\src\liblzma\common\vli_size.c">
      <Filter>Source Files\liblzma\common</Filter>
    </ClCompile>
    <ClCompile Include="..\src\liblzma\common\alone_decoder.c">
      <Filter>Source Files\liblzma\common</Filter>
    </ClCompile>
    <ClCompile Include="..\src\liblzma\common\alone_encoder.c">
      <Filter>Source Files\liblzma\common</Filter>
    </ClCompile>
    <ClCompile Include="..\src\liblzma\common\auto_decoder.c">
      <Filter>Source Files\liblzma\common</Filter>
    </ClCompile>
    <ClCompile Include="..\src\liblzma\common\block_buffer_decoder.c">
      <Filter>Source Files\liblzma\common</Filter>
    </ClCompile>
    <ClCompile Include="..\src\liblzma\common\block_buffer_encoder.c">
      <Filter>Source Files\liblzma\common</Filter>
    </ClCompile>
    <ClCompile Include="..\src\liblzma\common\block_decoder.c">
      <Filter>Source Files\liblzma\common</Filter>
    </ClCompile>
    <ClCompile Include="..\src\liblzma\common\block_encoder.c">
      <Filter>Source Files\liblzma\common</Filter>
    </ClCompile>
    <ClCompile Include="..\src\liblzma\common\block_header_decoder.c">
      <Filter>Source Files\liblzma\common</Filter>
    </ClCompile>
    <ClCompile Include="..\src\liblzma\common\block_header_encoder.c">
      <Filter>Source Files\liblzma\common</Filter>
    </ClCompile>
    <ClCompile Include="..\src\liblzma\common\block_util.c">
      <Filter>Source Files\liblzma\common</Filter>
    </ClCompile>
    <ClCompile Include="..\src\liblzma\common\common.c">
      <Filter>Source Files\liblzma\common</Filter>
    </ClCompile>
    <ClCompile Include="..\src\liblzma\common\easy_buffer_encoder.c">
      <Filter>Source Files\liblzma\common</Filter>
    </ClCompile>
    <ClCompile Include="..\src\liblzma\common\easy_decoder_memusage.c">
      <Filter>Source Files\liblzma\common</Filter>
    </ClCompile>
    <ClCompile Include="..\src\liblzma\common\easy_encoder.c">
      <Filter>Source Files\liblzma\common</Filter>
    </ClCompile>
    <ClCompile Include="..\src\liblzma\common\easy_encoder_memusage.c">
      <Filter>Source Files\liblzma\common</Filter>
    </ClCompile>
    <ClCompile Include="..\src\liblzma\common\easy_preset.c">
      <Filter>Source Files\liblzma\common</Filter>
    </ClCompile>
    <ClCompile Include="..\src\liblzma\common\filter_buffer_decoder.c">
      <Filter>Source Files\liblzma\common</Filter>
    </ClCompile>
    <ClCompile Include="..\src\liblzma\common\filter_buffer_encoder.c">
      <Filter>Source Files\liblzma\common</Filter>
    </ClCompile>
    <ClCompile Include="..\src\liblzma\common\filter_common.c">
      <Filter>Source Files\liblzma\common</Filter>
    </ClCompile>
    <ClCompile Include="..\src\liblzma\common\filter_decoder.c">
      <Filter>Source Files\liblzma\common</Filter>
    </ClCompile>
    <ClCompile Include="..\src\liblzma\common\filter_encoder.c">
      <Filter>Source Files\liblzma\common</Filter>
    </ClCompile>
    <ClCompile Include="..\src\liblzma\check\crc64_table.c">
      <Filter>Source Files\liblzma\check</Filter>
    </ClCompile>
    <ClCompile Include="..\src\liblzma\check\sha256.c">
      <Filter>Source Files\liblzma\check</Filter>
    </ClCompile>
    <ClCompile Include="..\src\liblzma\check\check.c">
      <Filter>Source Files\liblzma\check</Filter>
    </ClCompile>
    <ClCompile Include="..\src\liblzma\check\crc32_fast.c">
      <Filter>Source Files\liblzma\check</Filter>
    </ClCompile>
    <ClCompile Include="..\src\liblzma\check\crc32_table.c">
      <Filter>Source Files\liblzma\check</Filter>
    </ClCompile>
    <ClCompile Include="..\src\liblzma\check\crc64_fast.c">
      <Filter>Source Files\liblzma\check</Filter>
    </ClCompile>
    <ClCompile Include="..\src\liblzma\lz\lz_encoder_mf.c">
      <Filter>Source Files\liblzma\lz</Filter>
    </ClCompile>
    <ClCompile Include="..\src\liblzma\lz\lz_decoder.c">
      <Filter>Source Files\liblzma\lz</Filter>
    </ClCompile>
    <ClCompile Include="..\src\liblzma\lz\lz_encoder.c">
      <Filter>Source Files\liblzma\lz</Filter>
    </ClCompile>
    <ClCompile Include="..\src\liblzma\lzma\lzma2_encoder.c">
      <Filter>Source Files\liblzma\lzma</Filter>
    </ClCompile>
    <ClCompile Include="..\src\liblzma\lzma\fastpos_table.c">
      <Filter>Source Files\liblzma\lzma</Filter>
    </ClCompile>
    <ClCompile Include="..\src\liblzma\lzma\lzma_decoder.c">
      <Filter>Source Files\liblzma\lzma</Filter>
    </ClCompile>
    <ClCompile Include="..\src\liblzma\lzma\lzma_encoder.c">
      <Filter>Source Files\liblzma\lzma</Filter>
    </ClCompile>
    <ClCompile Include="..\src\liblzma\lzma\lzma_encoder_optimum_fast.c">
      <Filter>Source Files\liblzma\lzma</Filter>
    </ClCompile>
    <ClCompile Include="..\src\liblzma\lzma\lzma_encoder_optimum_normal.c">
      <Filter>Source Files\liblzma\lzma</Filter>
    </ClCompile>
    <ClCompile Include="..\src\liblzma\lzma\lzma_encoder_presets.c">
      <Filter>Source Files\liblzma\lzma</Filter>
    </ClCompile>
    <ClCompile Include="..\src\liblzma\lzma\lzma2_decoder.c">
      <Filter>Source Files\liblzma\lzma</Filter>
    </ClCompile>
    <ClCompile Include="..\src\liblzma\rangecoder\price_table.c">
      <Filter>Source Files\liblzma\rangecoder</Filter>
    </ClCompile>
    <ClCompile Include="..\src\liblzma\delta\delta_common.c">
      <Filter>Source Files\liblzma\delta</Filter>
    </ClCompile>
    <ClCompile Include="..\src\liblzma\delta\delta_decoder.c">
      <Filter>Source Files\liblzma\delta</Filter>
    </ClCompile>
    <ClCompile Include="..\src\liblzma\delta\delta_encoder.c">
      <Filter>Source Files\liblzma\delta</Filter>
    </ClCompile>
    <ClCompile Include="..\src\liblzma\simple\sparc.c">
      <Filter>Source Files\liblzma\simple</Filter>
    </ClCompile>
    <ClCompile Include="..\src\liblzma\simple\x86.c">
      <Filter>Source Files\liblzma\simple</Filter>
    </ClCompile>
    <ClCompile Include="..\src\liblzma\simple\arm.c">
      <Filter>Source Files\liblzma\simple</Filter>
    </ClCompile>
    <ClCompile Include="..\src\liblzma\simple\armthumb.c">
      <Filter>Source Files\liblzma\simple</Filter>
    </ClCompile>
    <ClCompile Include="..\src\liblzma\simple\ia64.c">
      <Filter>Source Files\liblzma\simple</Filter>
    </ClCompile>
    <ClCompile Include="..\src\liblzma\simple\powerpc.c">
      <Filter>Source Files\liblzma\simple</Filter>
    </ClCompile>
    <ClCompile Include="..\src\liblzma\simple\simple_coder.c">
      <Filter>Source Files\liblzma\simple</Filter>
    </ClCompile>
    <ClCompile Include="..\src\liblzma\simple\simple_decoder.c">
      <Filter>Source Files\liblzma\simple</Filter>
    </ClCompile>
    <ClCompile Include="..\src\liblzma\simple\simple_encoder.c">
      <Filter>Source Files\liblzma\simple</Filter>
    </ClCompile>
    <ClCompile Include="..\src\liblzma\common\hardware_cputhreads.c">
      <Filter>Source Files\liblzma\common</Filter>
    </ClCompile>
    <ClCompile Include="..\src\liblzma\common\outqueue.c">
      <Filter>Source Files\liblzma\common</Filter>
    </ClCompile>
    <ClCompile Include="..\src\liblzma\common\stream_encoder_mt.c">
      <Filter>Source Files\liblzma\common</Filter>
    </ClCompile>
    <ClCompile Include="..\src\common\tuklib_cpucores.c">
      <Filter>Source Files\common</Filter>
    </ClCompile>
  </ItemGroup>
</Project>